{
  "name": "vue-date-type-issue",
  "version": "1.0.0",
  "lockfileVersion": 1,
  "requires": true,
  "dependencies": {
    "typescript": {
      "version": "2.7.2",
      "resolved": "http://r.npm.sankuai.com/typescript/download/typescript-2.7.2.tgz",
      "integrity": "sha1-LWFaHvSu5PV0Qlzf9wJu34GRmDY="
    },
    "vue": {
      "version": "2.5.13",
      "resolved": "http://r.npm.sankuai.com/vue/download/vue-2.5.13.tgz",
      "integrity": "sha1-lb0x4g7896fzkjnJqmeHzoz1eOE="
    }
  }
}
